// !$*UTF8*$!
{
	archiveVersion = 1;
	classes = {
	};
	objectVersion = 56;
	objects = {

/* Begin PBXBuildFile section */
		A147E69E2A39D14600587855 /* AddViewController.swift in Sources */ = {isa = PBXBuildFile; fileRef = A147E69D2A39D14600587855 /* AddViewController.swift */; };
		A147E6A02A3B0B8200587855 /* Extension_UIView.swift in Sources */ = {isa = PBXBuildFile; fileRef = A147E69F2A3B0B8200587855 /* Extension_UIView.swift */; };
		A1561ADA29EB159900B67F30 /* SinginViewController.swift in Sources */ = {isa = PBXBuildFile; fileRef = A1561AD929EB159900B67F30 /* SinginViewController.swift */; };
		A17EB9B029E84E8D00598A13 /* AppDelegate.swift in Sources */ = {isa = PBXBuildFile; fileRef = A17EB9AF29E84E8D00598A13 /* AppDelegate.swift */; };
		A17EB9B229E84E8D00598A13 /* SceneDelegate.swift in Sources */ = {isa = PBXBuildFile; fileRef = A17EB9B129E84E8D00598A13 /* SceneDelegate.swift */; };
		A17EB9B429E84E8D00598A13 /* ViewController.swift in Sources */ = {isa = PBXBuildFile; fileRef = A17EB9B329E84E8D00598A13 /* ViewController.swift */; };
		A17EB9B729E84E8D00598A13 /* Main.storyboard in Resources */ = {isa = PBXBuildFile; fileRef = A17EB9B529E84E8D00598A13 /* Main.storyboard */; };
		A17EB9B929E84E8E00598A13 /* Assets.xcassets in Resources */ = {isa = PBXBuildFile; fileRef = A17EB9B829E84E8E00598A13 /* Assets.xcassets */; };
		A17EB9BC29E84E8E00598A13 /* LaunchScreen.storyboard in Resources */ = {isa = PBXBuildFile; fileRef = A17EB9BA29E84E8E00598A13 /* LaunchScreen.storyboard */; };
		A17EB9C429E84EF200598A13 /* GoogleService-Info.plist in Resources */ = {isa = PBXBuildFile; fileRef = A17EB9C329E84EF200598A13 /* GoogleService-Info.plist */; };
		A17EB9C729E8537E00598A13 /* FirebaseAnalytics in Frameworks */ = {isa = PBXBuildFile; productRef = A17EB9C629E8537E00598A13 /* FirebaseAnalytics */; };
		A17EB9C929E8537E00598A13 /* FirebaseAuth in Frameworks */ = {isa = PBXBuildFile; productRef = A17EB9C829E8537E00598A13 /* FirebaseAuth */; };
		A17EB9CB29E8537E00598A13 /* FirebaseFirestore in Frameworks */ = {isa = PBXBuildFile; productRef = A17EB9CA29E8537E00598A13 /* FirebaseFirestore */; };
		A17EB9CD29E8537E00598A13 /* FirebaseStorage in Frameworks */ = {isa = PBXBuildFile; productRef = A17EB9CC29E8537E00598A13 /* FirebaseStorage */; };
		A1DA906E2A3320A400ECE2D4 /* ProfileViewController.swift in Sources */ = {isa = PBXBuildFile; fileRef = A1DA906D2A3320A400ECE2D4 /* ProfileViewController.swift */; };
		A1DA90712A33272B00ECE2D4 /* FSCalendar in Frameworks */ = {isa = PBXBuildFile; productRef = A1DA90702A33272B00ECE2D4 /* FSCalendar */; };
		A1DA90732A332A3200ECE2D4 /* ExtendedDate.swift in Sources */ = {isa = PBXBuildFile; fileRef = A1DA90722A332A3200ECE2D4 /* ExtendedDate.swift */; };
		A1F4CB4C29FA85F1007511A4 /* MainViewController.swift in Sources */ = {isa = PBXBuildFile; fileRef = A1F4CB4B29FA85F1007511A4 /* MainViewController.swift */; };
/* End PBXBuildFile section */

/* Begin PBXFileReference section */
		A147E69D2A39D14600587855 /* AddViewController.swift */ = {isa = PBXFileReference; lastKnownFileType = sourcecode.swift; path = AddViewController.swift; sourceTree = "<group>"; };
		A147E69F2A3B0B8200587855 /* Extension_UIView.swift */ = {isa = PBXFileReference; lastKnownFileType = sourcecode.swift; path = Extension_UIView.swift; sourceTree = "<group>"; };
		A1561AD929EB159900B67F30 /* SinginViewController.swift */ = {isa = PBXFileReference; lastKnownFileType = sourcecode.swift; path = SinginViewController.swift; sourceTree = "<group>"; };
		A17EB9AC29E84E8D00598A13 /* FirebaseProj-ios.app */ = {isa = PBXFileReference; explicitFileType = wrapper.application; includeInIndex = 0; path = "FirebaseProj-ios.app"; sourceTree = BUILT_PRODUCTS_DIR; };
		A17EB9AF29E84E8D00598A13 /* AppDelegate.swift */ = {isa = PBXFileReference; lastKnownFileType = sourcecode.swift; path = AppDelegate.swift; sourceTree = "<group>"; };
		A17EB9B129E84E8D00598A13 /* SceneDelegate.swift */ = {isa = PBXFileReference; lastKnownFileType = sourcecode.swift; path = SceneDelegate.swift; sourceTree = "<group>"; };
		A17EB9B329E84E8D00598A13 /* ViewController.swift */ = {isa = PBXFileReference; lastKnownFileType = sourcecode.swift; path = ViewController.swift; sourceTree = "<group>"; };
		A17EB9B629E84E8D00598A13 /* Base */ = {isa = PBXFileReference; lastKnownFileType = file.storyboard; name = Base; path = Base.lproj/Main.storyboard; sourceTree = "<group>"; };
		A17EB9B829E84E8E00598A13 /* Assets.xcassets */ = {isa = PBXFileReference; lastKnownFileType = folder.assetcatalog; path = Assets.xcassets; sourceTree = "<group>"; };
		A17EB9BB29E84E8E00598A13 /* Base */ = {isa = PBXFileReference; lastKnownFileType = file.storyboard; name = Base; path = Base.lproj/LaunchScreen.storyboard; sourceTree = "<group>"; };
		A17EB9BD29E84E8E00598A13 /* Info.plist */ = {isa = PBXFileReference; lastKnownFileType = text.plist.xml; path = Info.plist; sourceTree = "<group>"; };
		A17EB9C329E84EF200598A13 /* GoogleService-Info.plist */ = {isa = PBXFileReference; fileEncoding = 4; lastKnownFileType = text.plist.xml; path = "GoogleService-Info.plist"; sourceTree = "<group>"; };
		A1DA906D2A3320A400ECE2D4 /* ProfileViewController.swift */ = {isa = PBXFileReference; lastKnownFileType = sourcecode.swift; path = ProfileViewController.swift; sourceTree = "<group>"; };
		A1DA90722A332A3200ECE2D4 /* ExtendedDate.swift */ = {isa = PBXFileReference; lastKnownFileType = sourcecode.swift; path = ExtendedDate.swift; sourceTree = "<group>"; };
		A1F4CB4B29FA85F1007511A4 /* MainViewController.swift */ = {isa = PBXFileReference; lastKnownFileType = sourcecode.swift; path = MainViewController.swift; sourceTree = "<group>"; };
/* End PBXFileReference section */

/* Begin PBXFrameworksBuildPhase section */
		A17EB9A929E84E8D00598A13 /* Frameworks */ = {
			isa = PBXFrameworksBuildPhase;
			buildActionMask = 2147483647;
			files = (
				A17EB9C729E8537E00598A13 /* FirebaseAnalytics in Frameworks */,
				A17EB9CD29E8537E00598A13 /* FirebaseStorage in Frameworks */,
				A17EB9C929E8537E00598A13 /* FirebaseAuth in Frameworks */,
				A1DA90712A33272B00ECE2D4 /* FSCalendar in Frameworks */,
				A17EB9CB29E8537E00598A13 /* FirebaseFirestore in Frameworks */,
			);
			runOnlyForDeploymentPostprocessing = 0;
		};
/* End PBXFrameworksBuildPhase section */

/* Begin PBXGroup section */
		A17EB9A329E84E8D00598A13 = {
			isa = PBXGroup;
			children = (
				A17EB9AE29E84E8D00598A13 /* FirebaseProj-ios */,
				A17EB9AD29E84E8D00598A13 /* Products */,
			);
			sourceTree = "<group>";
		};
		A17EB9AD29E84E8D00598A13 /* Products */ = {
			isa = PBXGroup;
			children = (
				A17EB9AC29E84E8D00598A13 /* FirebaseProj-ios.app */,
			);
			name = Products;
			sourceTree = "<group>";
		};
		A17EB9AE29E84E8D00598A13 /* FirebaseProj-ios */ = {
			isa = PBXGroup;
			children = (
				A147E69F2A3B0B8200587855 /* Extension_UIView.swift */,
				A1DA90722A332A3200ECE2D4 /* ExtendedDate.swift */,
				A17EB9AF29E84E8D00598A13 /* AppDelegate.swift */,
				A147E69D2A39D14600587855 /* AddViewController.swift */,
				A17EB9B129E84E8D00598A13 /* SceneDelegate.swift */,
				A17EB9B329E84E8D00598A13 /* ViewController.swift */,
				A17EB9B529E84E8D00598A13 /* Main.storyboard */,
				A1DA906D2A3320A400ECE2D4 /* ProfileViewController.swift */,
				A1F4CB4B29FA85F1007511A4 /* MainViewController.swift */,
				A1561AD929EB159900B67F30 /* SinginViewController.swift */,
				A17EB9B829E84E8E00598A13 /* Assets.xcassets */,
				A17EB9BA29E84E8E00598A13 /* LaunchScreen.storyboard */,
				A17EB9BD29E84E8E00598A13 /* Info.plist */,
				A17EB9C329E84EF200598A13 /* GoogleService-Info.plist */,
			);
			path = "FirebaseProj-ios";
			sourceTree = "<group>";
		};
/* End PBXGroup section */

/* Begin PBXNativeTarget section */
		A17EB9AB29E84E8D00598A13 /* FirebaseProj-ios */ = {
			isa = PBXNativeTarget;
			buildConfigurationList = A17EB9C029E84E8E00598A13 /* Build configuration list for PBXNativeTarget "FirebaseProj-ios" */;
			buildPhases = (
				A17EB9A829E84E8D00598A13 /* Sources */,
				A17EB9A929E84E8D00598A13 /* Frameworks */,
				A17EB9AA29E84E8D00598A13 /* Resources */,
			);
			buildRules = (
			);
			dependencies = (
			);
			name = "FirebaseProj-ios";
			packageProductDependencies = (
				A17EB9C629E8537E00598A13 /* FirebaseAnalytics */,
				A17EB9C829E8537E00598A13 /* FirebaseAuth */,
				A17EB9CA29E8537E00598A13 /* FirebaseFirestore */,
				A17EB9CC29E8537E00598A13 /* FirebaseStorage */,
				A1DA90702A33272B00ECE2D4 /* FSCalendar */,
			);
			productName = "FirebaseProj-ios";
			productReference = A17EB9AC29E84E8D00598A13 /* FirebaseProj-ios.app */;
			productType = "com.apple.product-type.application";
		};
/* End PBXNativeTarget section */

/* Begin PBXProject section */
		A17EB9A429E84E8D00598A13 /* Project object */ = {
			isa = PBXProject;
			attributes = {
				BuildIndependentTargetsInParallel = 1;
				LastSwiftUpdateCheck = 1430;
				LastUpgradeCheck = 1430;
				TargetAttributes = {
					A17EB9AB29E84E8D00598A13 = {
						CreatedOnToolsVersion = 14.3;
					};
				};
			};
			buildConfigurationList = A17EB9A729E84E8D00598A13 /* Build configuration list for PBXProject "FirebaseProj-ios" */;
			compatibilityVersion = "Xcode 14.0";
			developmentRegion = en;
			hasScannedForEncodings = 0;
			knownRegions = (
				en,
				Base,
			);
			mainGroup = A17EB9A329E84E8D00598A13;
			packageReferences = (
				A17EB9C529E8537E00598A13 /* XCRemoteSwiftPackageReference "firebase-ios-sdk" */,
				A1DA906F2A33272B00ECE2D4 /* XCRemoteSwiftPackageReference "FSCalendar" */,
			);
			productRefGroup = A17EB9AD29E84E8D00598A13 /* Products */;
			projectDirPath = "";
			projectRoot = "";
			targets = (
				A17EB9AB29E84E8D00598A13 /* FirebaseProj-ios */,
			);
		};
/* End PBXProject section */

/* Begin PBXResourcesBuildPhase section */
		A17EB9AA29E84E8D00598A13 /* Resources */ = {
			isa = PBXResourcesBuildPhase;
			buildActionMask = 2147483647;
			files = (
				A17EB9BC29E84E8E00598A13 /* LaunchScreen.storyboard in Resources */,
				A17EB9C429E84EF200598A13 /* GoogleService-Info.plist in Resources */,
				A17EB9B929E84E8E00598A13 /* Assets.xcassets in Resources */,
				A17EB9B729E84E8D00598A13 /* Main.storyboard in Resources */,
			);
			runOnlyForDeploymentPostprocessing = 0;
		};
/* End PBXResourcesBuildPhase section */

/* Begin PBXSourcesBuildPhase section */
		A17EB9A829E84E8D00598A13 /* Sources */ = {
			isa = PBXSourcesBuildPhase;
			buildActionMask = 2147483647;
			files = (
				A1DA906E2A3320A400ECE2D4 /* ProfileViewController.swift in Sources */,
				A1561ADA29EB159900B67F30 /* SinginViewController.swift in Sources */,
				A147E69E2A39D14600587855 /* AddViewController.swift in Sources */,
				A17EB9B429E84E8D00598A13 /* ViewController.swift in Sources */,
				A17EB9B029E84E8D00598A13 /* AppDelegate.swift in Sources */,
				A147E6A02A3B0B8200587855 /* Extension_UIView.swift in Sources */,
				A17EB9B229E84E8D00598A13 /* SceneDelegate.swift in Sources */,
				A1F4CB4C29FA85F1007511A4 /* MainViewController.swift in Sources */,
				A1DA90732A332A3200ECE2D4 /* ExtendedDate.swift in Sources */,
			);
			runOnlyForDeploymentPostprocessing = 0;
		};
/* End PBXSourcesBuildPhase section */

/* Begin PBXVariantGroup section */
		A17EB9B529E84E8D00598A13 /* Main.storyboard */ = {
			isa = PBXVariantGroup;
			children = (
				A17EB9B629E84E8D00598A13 /* Base */,
			);
			name = Main.storyboard;
			sourceTree = "<group>";
		};
		A17EB9BA29E84E8E00598A13 /* LaunchScreen.storyboard */ = {
			isa = PBXVariantGroup;
			children = (
				A17EB9BB29E84E8E00598A13 /* Base */,
			);
			name = LaunchScreen.storyboard;
			sourceTree = "<group>";
		};
/* End PBXVariantGroup section */

/* Begin XCBuildConfiguration section */
		A17EB9BE29E84E8E00598A13 /* Debug */ = {
			isa = XCBuildConfiguration;
			buildSettings = {
				ALWAYS_SEARCH_USER_PATHS = NO;
				CLANG_ANALYZER_NONNULL = YES;
				CLANG_ANALYZER_NUMBER_OBJECT_CONVERSION = YES_AGGRESSIVE;
				CLANG_CXX_LANGUAGE_STANDARD = "gnu++20";
				CLANG_ENABLE_MODULES = YES;
				CLANG_ENABLE_OBJC_ARC = YES;
				CLANG_ENABLE_OBJC_WEAK = YES;
				CLANG_WARN_BLOCK_CAPTURE_AUTORELEASING = YES;
				CLANG_WARN_BOOL_CONVERSION = YES;
				CLANG_WARN_COMMA = YES;
				CLANG_WARN_CONSTANT_CONVERSION = YES;
				CLANG_WARN_DEPRECATED_OBJC_IMPLEMENTATIONS = YES;
				CLANG_WARN_DIRECT_OBJC_ISA_USAGE = YES_ERROR;
				CLANG_WARN_DOCUMENTATION_COMMENTS = YES;
				CLANG_WARN_EMPTY_BODY = YES;
				CLANG_WARN_ENUM_CONVERSION = YES;
				CLANG_WARN_INFINITE_RECURSION = YES;
				CLANG_WARN_INT_CONVERSION = YES;
				CLANG_WARN_NON_LITERAL_NULL_CONVERSION = YES;
				CLANG_WARN_OBJC_IMPLICIT_RETAIN_SELF = YES;
				CLANG_WARN_OBJC_LITERAL_CONVERSION = YES;
				CLANG_WARN_OBJC_ROOT_CLASS = YES_ERROR;
				CLANG_WARN_QUOTED_INCLUDE_IN_FRAMEWORK_HEADER = YES;
				CLANG_WARN_RANGE_LOOP_ANALYSIS = YES;
				CLANG_WARN_STRICT_PROTOTYPES = YES;
				CLANG_WARN_SUSPICIOUS_MOVE = YES;
				CLANG_WARN_UNGUARDED_AVAILABILITY = YES_AGGRESSIVE;
				CLANG_WARN_UNREACHABLE_CODE = YES;
				CLANG_WARN__DUPLICATE_METHOD_MATCH = YES;
				COPY_PHASE_STRIP = NO;
				DEBUG_INFORMATION_FORMAT = dwarf;
				ENABLE_STRICT_OBJC_MSGSEND = YES;
				ENABLE_TESTABILITY = YES;
				GCC_C_LANGUAGE_STANDARD = gnu11;
				GCC_DYNAMIC_NO_PIC = NO;
				GCC_NO_COMMON_BLOCKS = YES;
				GCC_OPTIMIZATION_LEVEL = 0;
				GCC_PREPROCESSOR_DEFINITIONS = (
					"DEBUG=1",
					"$(inherited)",
				);
				GCC_WARN_64_TO_32_BIT_CONVERSION = YES;
				GCC_WARN_ABOUT_RETURN_TYPE = YES_ERROR;
				GCC_WARN_UNDECLARED_SELECTOR = YES;
				GCC_WARN_UNINITIALIZED_AUTOS = YES_AGGRESSIVE;
				GCC_WARN_UNUSED_FUNCTION = YES;
				GCC_WARN_UNUSED_VARIABLE = YES;
				IPHONEOS_DEPLOYMENT_TARGET = 16.4;
				MTL_ENABLE_DEBUG_INFO = INCLUDE_SOURCE;
				MTL_FAST_MATH = YES;
				ONLY_ACTIVE_ARCH = YES;
				SDKROOT = iphoneos;
				SWIFT_ACTIVE_COMPILATION_CONDITIONS = DEBUG;
				SWIFT_OPTIMIZATION_LEVEL = "-Onone";
			};
			name = Debug;
		};
		A17EB9BF29E84E8E00598A13 /* Release */ = {
			isa = XCBuildConfiguration;
			buildSettings = {
				ALWAYS_SEARCH_USER_PATHS = NO;
				CLANG_ANALYZER_NONNULL = YES;
				CLANG_ANALYZER_NUMBER_OBJECT_CONVERSION = YES_AGGRESSIVE;
				CLANG_CXX_LANGUAGE_STANDARD = "gnu++20";
				CLANG_ENABLE_MODULES = YES;
				CLANG_ENABLE_OBJC_ARC = YES;
				CLANG_ENABLE_OBJC_WEAK = YES;
				CLANG_WARN_BLOCK_CAPTURE_AUTORELEASING = YES;
				CLANG_WARN_BOOL_CONVERSION = YES;
				CLANG_WARN_COMMA = YES;
				CLANG_WARN_CONSTANT_CONVERSION = YES;
				CLANG_WARN_DEPRECATED_OBJC_IMPLEMENTATIONS = YES;
				CLANG_WARN_DIRECT_OBJC_ISA_USAGE = YES_ERROR;
				CLANG_WARN_DOCUMENTATION_COMMENTS = YES;
				CLANG_WARN_EMPTY_BODY = YES;
				CLANG_WARN_ENUM_CONVERSION = YES;
				CLANG_WARN_INFINITE_RECURSION = YES;
				CLANG_WARN_INT_CONVERSION = YES;
				CLANG_WARN_NON_LITERAL_NULL_CONVERSION = YES;
				CLANG_WARN_OBJC_IMPLICIT_RETAIN_SELF = YES;
				CLANG_WARN_OBJC_LITERAL_CONVERSION = YES;
				CLANG_WARN_OBJC_ROOT_CLASS = YES_ERROR;
				CLANG_WARN_QUOTED_INCLUDE_IN_FRAMEWORK_HEADER = YES;
				CLANG_WARN_RANGE_LOOP_ANALYSIS = YES;
				CLANG_WARN_STRICT_PROTOTYPES = YES;
				CLANG_WARN_SUSPICIOUS_MOVE = YES;
				CLANG_WARN_UNGUARDED_AVAILABILITY = YES_AGGRESSIVE;
				CLANG_WARN_UNREACHABLE_CODE = YES;
				CLANG_WARN__DUPLICATE_METHOD_MATCH = YES;
				COPY_PHASE_STRIP = NO;
				DEBUG_INFORMATION_FORMAT = "dwarf-with-dsym";
				ENABLE_NS_ASSERTIONS = NO;
				ENABLE_STRICT_OBJC_MSGSEND = YES;
				GCC_C_LANGUAGE_STANDARD = gnu11;
				GCC_NO_COMMON_BLOCKS = YES;
				GCC_WARN_64_TO_32_BIT_CONVERSION = YES;
				GCC_WARN_ABOUT_RETURN_TYPE = YES_ERROR;
				GCC_WARN_UNDECLARED_SELECTOR = YES;
				GCC_WARN_UNINITIALIZED_AUTOS = YES_AGGRESSIVE;
				GCC_WARN_UNUSED_FUNCTION = YES;
				GCC_WARN_UNUSED_VARIABLE = YES;
				IPHONEOS_DEPLOYMENT_TARGET = 16.4;
				MTL_ENABLE_DEBUG_INFO = NO;
				MTL_FAST_MATH = YES;
				SDKROOT = iphoneos;
				SWIFT_COMPILATION_MODE = wholemodule;
				SWIFT_OPTIMIZATION_LEVEL = "-O";
				VALIDATE_PRODUCT = YES;
			};
			name = Release;
		};
		A17EB9C129E84E8E00598A13 /* Debug */ = {
			isa = XCBuildConfiguration;
			buildSettings = {
				ASSETCATALOG_COMPILER_APPICON_NAME = AppIcon;
				ASSETCATALOG_COMPILER_GLOBAL_ACCENT_COLOR_NAME = AccentColor;
				CODE_SIGN_STYLE = Automatic;
				CURRENT_PROJECT_VERSION = 1;
				DEVELOPMENT_TEAM = M3MNTQ4S54;
				GENERATE_INFOPLIST_FILE = YES;
				INFOPLIST_FILE = "FirebaseProj-ios/Info.plist";
				INFOPLIST_KEY_UIApplicationSupportsIndirectInputEvents = YES;
				INFOPLIST_KEY_UILaunchStoryboardName = LaunchScreen;
				INFOPLIST_KEY_UIMainStoryboardFile = Main;
				INFOPLIST_KEY_UISupportedInterfaceOrientations_iPad = "UIInterfaceOrientationPortrait UIInterfaceOrientationPortraitUpsideDown UIInterfaceOrientationLandscapeLeft UIInterfaceOrientationLandscapeRight";
				INFOPLIST_KEY_UISupportedInterfaceOrientations_iPhone = "UIInterfaceOrientationPortrait UIInterfaceOrientationLandscapeLeft UIInterfaceOrientationLandscapeRight";
				LD_RUNPATH_SEARCH_PATHS = (
					"$(inherited)",
					"@executable_path/Frameworks",
				);
				MARKETING_VERSION = 1.0;
				PRODUCT_BUNDLE_IDENTIFIER = "hghg0717.FirebaseProj-ios";
				PRODUCT_NAME = "$(TARGET_NAME)";
				SWIFT_EMIT_LOC_STRINGS = YES;
				SWIFT_VERSION = 5.0;
				TARGETED_DEVICE_FAMILY = "1,2";
			};
			name = Debug;
		};
		A17EB9C229E84E8E00598A13 /* Release */ = {
			isa = XCBuildConfiguration;
			buildSettings = {
				ASSETCATALOG_COMPILER_APPICON_NAME = AppIcon;
				ASSETCATALOG_COMPILER_GLOBAL_ACCENT_COLOR_NAME = AccentColor;
				CODE_SIGN_STYLE = Automatic;
				CURRENT_PROJECT_VERSION = 1;
				DEVELOPMENT_TEAM = M3MNTQ4S54;
				GENERATE_INFOPLIST_FILE = YES;
				INFOPLIST_FILE = "FirebaseProj-ios/Info.plist";
				INFOPLIST_KEY_UIApplicationSupportsIndirectInputEvents = YES;
				INFOPLIST_KEY_UILaunchStoryboardName = LaunchScreen;
				INFOPLIST_KEY_UIMainStoryboardFile = Main;
				INFOPLIST_KEY_UISupportedInterfaceOrientations_iPad = "UIInterfaceOrientationPortrait UIInterfaceOrientationPortraitUpsideDown UIInterfaceOrientationLandscapeLeft UIInterfaceOrientationLandscapeRight";
				INFOPLIST_KEY_UISupportedInterfaceOrientations_iPhone = "UIInterfaceOrientationPortrait UIInterfaceOrientationLandscapeLeft UIInterfaceOrientationLandscapeRight";
				LD_RUNPATH_SEARCH_PATHS = (
					"$(inherited)",
					"@executable_path/Frameworks",
				);
				MARKETING_VERSION = 1.0;
				PRODUCT_BUNDLE_IDENTIFIER = "hghg0717.FirebaseProj-ios";
				PRODUCT_NAME = "$(TARGET_NAME)";
				SWIFT_EMIT_LOC_STRINGS = YES;
				SWIFT_VERSION = 5.0;
				TARGETED_DEVICE_FAMILY = "1,2";
			};
			name = Release;
		};
/* End XCBuildConfiguration section */

/* Begin XCConfigurationList section */
		A17EB9A729E84E8D00598A13 /* Build configuration list for PBXProject "FirebaseProj-ios" */ = {
			isa = XCConfigurationList;
			buildConfigurations = (
				A17EB9BE29E84E8E00598A13 /* Debug */,
				A17EB9BF29E84E8E00598A13 /* Release */,
			);
			defaultConfigurationIsVisible = 0;
			defaultConfigurationName = Release;
		};
		A17EB9C029E84E8E00598A13 /* Build configuration list for PBXNativeTarget "FirebaseProj-ios" */ = {
			isa = XCConfigurationList;
			buildConfigurations = (
				A17EB9C129E84E8E00598A13 /* Debug */,
				A17EB9C229E84E8E00598A13 /* Release */,
			);
			defaultConfigurationIsVisible = 0;
			defaultConfigurationName = Release;
		};
/* End XCConfigurationList section */

/* Begin XCRemoteSwiftPackageReference section */
		A17EB9C529E8537E00598A13 /* XCRemoteSwiftPackageReference "firebase-ios-sdk" */ = {
			isa = XCRemoteSwiftPackageReference;
			repositoryURL = "https://github.com/firebase/firebase-ios-sdk";
			requirement = {
				kind = upToNextMinorVersion;
				minimumVersion = 10.8.0;
			};
		};
		A1DA906F2A33272B00ECE2D4 /* XCRemoteSwiftPackageReference "FSCalendar" */ = {
			isa = XCRemoteSwiftPackageReference;
			repositoryURL = "https://github.com/WenchaoD/FSCalendar.git";
			requirement = {
				kind = upToNextMajorVersion;
				minimumVersion = 2.0.0;
			};
		};
/* End XCRemoteSwiftPackageReference section */

/* Begin XCSwiftPackageProductDependency section */
		A17EB9C629E8537E00598A13 /* FirebaseAnalytics */ = {
			isa = XCSwiftPackageProductDependency;
			package = A17EB9C529E8537E00598A13 /* XCRemoteSwiftPackageReference "firebase-ios-sdk" */;
			productName = FirebaseAnalytics;
		};
		A17EB9C829E8537E00598A13 /* FirebaseAuth */ = {
			isa = XCSwiftPackageProductDependency;
			package = A17EB9C529E8537E00598A13 /* XCRemoteSwiftPackageReference "firebase-ios-sdk" */;
			productName = FirebaseAuth;
		};
		A17EB9CA29E8537E00598A13 /* FirebaseFirestore */ = {
			isa = XCSwiftPackageProductDependency;
			package = A17EB9C529E8537E00598A13 /* XCRemoteSwiftPackageReference "firebase-ios-sdk" */;
			productName = FirebaseFirestore;
		};
		A17EB9CC29E8537E00598A13 /* FirebaseStorage */ = {
			isa = XCSwiftPackageProductDependency;
			package = A17EB9C529E8537E00598A13 /* XCRemoteSwiftPackageReference "firebase-ios-sdk" */;
			productName = FirebaseStorage;
		};
		A1DA90702A33272B00ECE2D4 /* FSCalendar */ = {
			isa = XCSwiftPackageProductDependency;
			package = A1DA906F2A33272B00ECE2D4 /* XCRemoteSwiftPackageReference "FSCalendar" */;
			productName = FSCalendar;
		};
/* End XCSwiftPackageProductDependency section */
	};
	rootObject = A17EB9A429E84E8D00598A13 /* Project object */;
}
